
Microsoft Visual Studio Solution File, Format Version 12.00
# Visual Studio Version 16
VisualStudioVersion = 16.0.31515.178
MinimumVisualStudioVersion = 10.0.40219.1
Project("{FAE04EC0-301F-11D3-BF4B-00C04F79EFBC}") = "CSharpIntermediate", "CSharpIntermediate\CSharpIntermediate.csproj", "{DB80BCC5-5E90-4F6F-8D27-6BD4C6DDDEEA}"
EndProject
Global
	GlobalSection(SolutionConfigurationPlatforms) = preSolution
		Debug|Any CPU = Debug|Any CPU
		Release|Any CPU = Release|Any CPU
	EndGlobalSection
	GlobalSection(ProjectConfigurationPlatforms) = postSolution
		{DB80BCC5-5E90-4F6F-8D27-6BD4C6DDDEEA}.Debug|Any CPU.ActiveCfg = Debug|Any CPU
		{DB80BCC5-5E90-4F6F-8D27-6BD4C6DDDEEA}.Debug|Any CPU.Build.0 = Debug|Any CPU
		{DB80BCC5-5E90-4F6F-8D27-6BD4C6DDDEEA}.Release|Any CPU.ActiveCfg = Release|Any CPU
		{DB80BCC5-5E90-4F6F-8D27-6BD4C6DDDEEA}.Release|Any CPU.Build.0 = Release|Any CPU
	EndGlobalSection
	GlobalSection(SolutionProperties) = preSolution
		HideSolutionNode = FALSE
	EndGlobalSection
	GlobalSection(ExtensibilityGlobals) = postSolution
		SolutionGuid = {76C10C9C-4072-46AE-A4A1-773EB6AA88EE}
	EndGlobalSection
EndGlobal
